{
  "name": "pi-clickable-toast-local",
  "version": "1.0.0",
  "lockfileVersion": 3,
  "requires": true,
  "packages": {
    "": {
      "name": "pi-clickable-toast-local",
      "version": "1.0.0"
    },
    "../../../..": {
      "version": "1.0.0",
      "extraneous": true,
      "license": "ISC",
      "dependencies": {
        "CodeHuajingGatewaypackagestypescript-sdk": "link:D:CodeHuajingGatewaypackagestypescript-sdk"
      },
      "devDependencies": {}
    }
  }
}
